{
  "pins" : [
    {
      "identity" : "kingfisher",
      "kind" : "remoteSourceControl",
      "location" : "https://github.com/onevcat/Kingfisher.git",
      "state" : {
        "revision" : "af4be924ad984cf4d16f4ae4df424e79a443d435",
        "version" : "7.6.2"
      }
    },
    {
      "identity" : "splash",
      "kind" : "remoteSourceControl",
      "location" : "https://github.com/JohnSundell/Splash",
      "state" : {
        "revision" : "7f4df436eb78fe64fe2c32c58006e9949fa28ad8",
        "version" : "0.16.0"
      }
    },
    {
      "identity" : "swift-markdown-ui",
      "kind" : "remoteSourceControl",
      "location" : "https://github.com/gonzalezreal/swift-markdown-ui",
      "state" : {
        "revision" : "4392c3cefd08db10f13ffb019d7c7a4a622824f5",
        "version" : "2.0.2"
      }
    },
    {
      "identity" : "swiftcsv",
      "kind" : "remoteSourceControl",
      "location" : "https://github.com/swiftcsv/SwiftCSV.git",
      "state" : {
        "revision" : "96fa14b92e88e0befdbc8bc31c7c2c9594a30060",
        "version" : "0.8.1"
      }
    },
    {
      "identity" : "swiftui-introspect",
      "kind" : "remoteSourceControl",
      "location" : "https://github.com/siteline/SwiftUI-Introspect.git",
      "state" : {
        "revision" : "c18951c747ab62af7c15e17a81bd37d4fd5a9979",
        "version" : "0.2.3"
      }
    },
    {
      "identity" : "swiftuix",
      "kind" : "remoteSourceControl",
      "location" : "https://github.com/SwiftUIX/SwiftUIX",
      "state" : {
        "revision" : "1b8b443b61b8b37fafb06c1abad9b6be244c9de9",
        "version" : "0.1.4"
      }
    }
  ],
  "version" : 2
}
