// !$*UTF8*$!
{
	archiveVersion = 1;
	classes = {
	};
	objectVersion = 56;
	objects = {

/* Begin PBXBuildFile section */
		E4994DEB29D6E655002981D0 /* CustomPromptsView.swift in Sources */ = {isa = PBXBuildFile; fileRef = E4994DEA29D6E655002981D0 /* CustomPromptsView.swift */; };
		E4994DED29D9C923002981D0 /* ScrollViewDidScrollViewModifier.swift in Sources */ = {isa = PBXBuildFile; fileRef = E4994DEC29D9C923002981D0 /* ScrollViewDidScrollViewModifier.swift */; };
		E4994DF229DA8B29002981D0 /* MacOSSettingsView.swift in Sources */ = {isa = PBXBuildFile; fileRef = E4994DF129DA8B29002981D0 /* MacOSSettingsView.swift */; };
		E4C65EA229CA9E7E00AFA884 /* ChatGPTApp.swift in Sources */ = {isa = PBXBuildFile; fileRef = E4C65EA129CA9E7E00AFA884 /* ChatGPTApp.swift */; };
		E4C65EA429CA9E7E00AFA884 /* Persistence.swift in Sources */ = {isa = PBXBuildFile; fileRef = E4C65EA329CA9E7E00AFA884 /* Persistence.swift */; };
		E4C65EA729CA9E7E00AFA884 /* ChatGPT.xcdatamodeld in Sources */ = {isa = PBXBuildFile; fileRef = E4C65EA529CA9E7E00AFA884 /* ChatGPT.xcdatamodeld */; };
		E4C65EA929CA9E7E00AFA884 /* ContentView.swift in Sources */ = {isa = PBXBuildFile; fileRef = E4C65EA829CA9E7E00AFA884 /* ContentView.swift */; };
		E4C65EAB29CA9E7F00AFA884 /* Assets.xcassets in Resources */ = {isa = PBXBuildFile; fileRef = E4C65EAA29CA9E7F00AFA884 /* Assets.xcassets */; };
		E4C65EAF29CA9E7F00AFA884 /* Preview Assets.xcassets in Resources */ = {isa = PBXBuildFile; fileRef = E4C65EAE29CA9E7F00AFA884 /* Preview Assets.xcassets */; };
		E4C65EB929CA9E8000AFA884 /* ChatGPTTests.swift in Sources */ = {isa = PBXBuildFile; fileRef = E4C65EB829CA9E8000AFA884 /* ChatGPTTests.swift */; };
		E4C65EC329CA9E8000AFA884 /* ChatGPTUITests.swift in Sources */ = {isa = PBXBuildFile; fileRef = E4C65EC229CA9E8000AFA884 /* ChatGPTUITests.swift */; };
		E4C65EC529CA9E8000AFA884 /* ChatGPTUITestsLaunchTests.swift in Sources */ = {isa = PBXBuildFile; fileRef = E4C65EC429CA9E8000AFA884 /* ChatGPTUITestsLaunchTests.swift */; };
		E4C65EED29CA9F7800AFA884 /* DialogueSession.swift in Sources */ = {isa = PBXBuildFile; fileRef = E4C65ED329CA9F7800AFA884 /* DialogueSession.swift */; };
		E4C65EEE29CA9F7800AFA884 /* Conversation.swift in Sources */ = {isa = PBXBuildFile; fileRef = E4C65ED429CA9F7800AFA884 /* Conversation.swift */; };
		E4C65EEF29CA9F7800AFA884 /* MessageListView.swift in Sources */ = {isa = PBXBuildFile; fileRef = E4C65ED729CA9F7800AFA884 /* MessageListView.swift */; };
		E4C65EF029CA9F7800AFA884 /* ConversationView.swift in Sources */ = {isa = PBXBuildFile; fileRef = E4C65ED829CA9F7800AFA884 /* ConversationView.swift */; };
		E4C65EF129CA9F7800AFA884 /* MessageMarkdownView.swift in Sources */ = {isa = PBXBuildFile; fileRef = E4C65ED929CA9F7800AFA884 /* MessageMarkdownView.swift */; };
		E4C65EF229CA9F7800AFA884 /* MessageBubble.swift in Sources */ = {isa = PBXBuildFile; fileRef = E4C65EDA29CA9F7800AFA884 /* MessageBubble.swift */; };
		E4C65EF329CA9F7800AFA884 /* ReplyingIndicatorView.swift in Sources */ = {isa = PBXBuildFile; fileRef = E4C65EDB29CA9F7800AFA884 /* ReplyingIndicatorView.swift */; };
		E4C65EF429CA9F7800AFA884 /* LeadingComposerView.swift in Sources */ = {isa = PBXBuildFile; fileRef = E4C65EDC29CA9F7800AFA884 /* LeadingComposerView.swift */; };
		E4C65EF529CA9F7800AFA884 /* ComposerInputView.swift in Sources */ = {isa = PBXBuildFile; fileRef = E4C65EDD29CA9F7800AFA884 /* ComposerInputView.swift */; };
		E4C65EF629CA9F7800AFA884 /* AppSettingsView.swift in Sources */ = {isa = PBXBuildFile; fileRef = E4C65EDE29CA9F7800AFA884 /* AppSettingsView.swift */; };
		E4C65EF729CA9F7800AFA884 /* DialogueSessionListView.swift in Sources */ = {isa = PBXBuildFile; fileRef = E4C65EE029CA9F7800AFA884 /* DialogueSessionListView.swift */; };
		E4C65EF929CA9F7800AFA884 /* OpenAI.swift in Sources */ = {isa = PBXBuildFile; fileRef = E4C65EE329CA9F7800AFA884 /* OpenAI.swift */; };
		E4C65EFA29CA9F7800AFA884 /* Models.swift in Sources */ = {isa = PBXBuildFile; fileRef = E4C65EE529CA9F7800AFA884 /* Models.swift */; };
		E4C65EFB29CA9F7800AFA884 /* Prompt.swift in Sources */ = {isa = PBXBuildFile; fileRef = E4C65EE629CA9F7800AFA884 /* Prompt.swift */; };
		E4C65EFC29CA9F7800AFA884 /* OpenAIService.swift in Sources */ = {isa = PBXBuildFile; fileRef = E4C65EE729CA9F7800AFA884 /* OpenAIService.swift */; };
		E4C65EFD29CA9F7800AFA884 /* chatgpt_prompts.json in Resources */ = {isa = PBXBuildFile; fileRef = E4C65EE929CA9F7800AFA884 /* chatgpt_prompts.json */; };
		E4C65EFE29CA9F7800AFA884 /* Splash.swift in Sources */ = {isa = PBXBuildFile; fileRef = E4C65EEB29CA9F7800AFA884 /* Splash.swift */; };
		E4C65EFF29CA9F7800AFA884 /* KeyboardPublisher.swift in Sources */ = {isa = PBXBuildFile; fileRef = E4C65EEC29CA9F7800AFA884 /* KeyboardPublisher.swift */; };
		E4C65F0229CAA01800AFA884 /* Introspect in Frameworks */ = {isa = PBXBuildFile; productRef = E4C65F0129CAA01800AFA884 /* Introspect */; };
		E4C65F0529CAA02800AFA884 /* SwiftUIX in Frameworks */ = {isa = PBXBuildFile; productRef = E4C65F0429CAA02800AFA884 /* SwiftUIX */; };
		E4C65F0E29CAA06600AFA884 /* Splash in Frameworks */ = {isa = PBXBuildFile; productRef = E4C65F0D29CAA06600AFA884 /* Splash */; };
		E4C65F1129CAA08400AFA884 /* MarkdownUI in Frameworks */ = {isa = PBXBuildFile; productRef = E4C65F1029CAA08400AFA884 /* MarkdownUI */; };
		E4C65F1829CBEE2400AFA884 /* BottomInputView.swift in Sources */ = {isa = PBXBuildFile; fileRef = E4C65F1729CBEE2400AFA884 /* BottomInputView.swift */; };
		E4C65F1C29D0404C00AFA884 /* DateExtensions.swift in Sources */ = {isa = PBXBuildFile; fileRef = E4C65F1B29D0404B00AFA884 /* DateExtensions.swift */; };
		E4C65F2029D0649800AFA884 /* DialogueSettingsView.swift in Sources */ = {isa = PBXBuildFile; fileRef = E4C65F1F29D0649800AFA884 /* DialogueSettingsView.swift */; };
		E4E99BC729D415FF00C0FCBD /* DialogueListPlaceholderView.swift in Sources */ = {isa = PBXBuildFile; fileRef = E4E99BC629D415FF00C0FCBD /* DialogueListPlaceholderView.swift */; };
		E4E99BC929D5AF9F00C0FCBD /* ToolTipView.swift in Sources */ = {isa = PBXBuildFile; fileRef = E4E99BC829D5AF9F00C0FCBD /* ToolTipView.swift */; };
		E4E99BCC29D5D58700C0FCBD /* SwiftCSV in Frameworks */ = {isa = PBXBuildFile; productRef = E4E99BCB29D5D58700C0FCBD /* SwiftCSV */; };
		E4E99BD029D681A000C0FCBD /* PromptsListView.swift in Sources */ = {isa = PBXBuildFile; fileRef = E4E99BCF29D681A000C0FCBD /* PromptsListView.swift */; };
/* End PBXBuildFile section */

/* Begin PBXContainerItemProxy section */
		E4C65EB529CA9E8000AFA884 /* PBXContainerItemProxy */ = {
			isa = PBXContainerItemProxy;
			containerPortal = E4C65E9629CA9E7E00AFA884 /* Project object */;
			proxyType = 1;
			remoteGlobalIDString = E4C65E9D29CA9E7E00AFA884;
			remoteInfo = ChatGPT;
		};
		E4C65EBF29CA9E8000AFA884 /* PBXContainerItemProxy */ = {
			isa = PBXContainerItemProxy;
			containerPortal = E4C65E9629CA9E7E00AFA884 /* Project object */;
			proxyType = 1;
			remoteGlobalIDString = E4C65E9D29CA9E7E00AFA884;
			remoteInfo = ChatGPT;
		};
/* End PBXContainerItemProxy section */

/* Begin PBXFileReference section */
		E4994DEA29D6E655002981D0 /* CustomPromptsView.swift */ = {isa = PBXFileReference; lastKnownFileType = sourcecode.swift; path = CustomPromptsView.swift; sourceTree = "<group>"; };
		E4994DEC29D9C923002981D0 /* ScrollViewDidScrollViewModifier.swift */ = {isa = PBXFileReference; lastKnownFileType = sourcecode.swift; path = ScrollViewDidScrollViewModifier.swift; sourceTree = "<group>"; };
		E4994DF129DA8B29002981D0 /* MacOSSettingsView.swift */ = {isa = PBXFileReference; lastKnownFileType = sourcecode.swift; path = MacOSSettingsView.swift; sourceTree = "<group>"; };
		E4C65E9E29CA9E7E00AFA884 /* ChatGPT.app */ = {isa = PBXFileReference; explicitFileType = wrapper.application; includeInIndex = 0; path = ChatGPT.app; sourceTree = BUILT_PRODUCTS_DIR; };
		E4C65EA129CA9E7E00AFA884 /* ChatGPTApp.swift */ = {isa = PBXFileReference; lastKnownFileType = sourcecode.swift; path = ChatGPTApp.swift; sourceTree = "<group>"; };
		E4C65EA329CA9E7E00AFA884 /* Persistence.swift */ = {isa = PBXFileReference; lastKnownFileType = sourcecode.swift; path = Persistence.swift; sourceTree = "<group>"; };
		E4C65EA629CA9E7E00AFA884 /* ChatGPT.xcdatamodel */ = {isa = PBXFileReference; lastKnownFileType = wrapper.xcdatamodel; path = ChatGPT.xcdatamodel; sourceTree = "<group>"; };
		E4C65EA829CA9E7E00AFA884 /* ContentView.swift */ = {isa = PBXFileReference; lastKnownFileType = sourcecode.swift; path = ContentView.swift; sourceTree = "<group>"; };
		E4C65EAA29CA9E7F00AFA884 /* Assets.xcassets */ = {isa = PBXFileReference; lastKnownFileType = folder.assetcatalog; path = Assets.xcassets; sourceTree = "<group>"; };
		E4C65EAC29CA9E7F00AFA884 /* ChatGPT.entitlements */ = {isa = PBXFileReference; lastKnownFileType = text.plist.entitlements; path = ChatGPT.entitlements; sourceTree = "<group>"; };
		E4C65EAE29CA9E7F00AFA884 /* Preview Assets.xcassets */ = {isa = PBXFileReference; lastKnownFileType = folder.assetcatalog; path = "Preview Assets.xcassets"; sourceTree = "<group>"; };
		E4C65EB429CA9E8000AFA884 /* ChatGPTTests.xctest */ = {isa = PBXFileReference; explicitFileType = wrapper.cfbundle; includeInIndex = 0; path = ChatGPTTests.xctest; sourceTree = BUILT_PRODUCTS_DIR; };
		E4C65EB829CA9E8000AFA884 /* ChatGPTTests.swift */ = {isa = PBXFileReference; lastKnownFileType = sourcecode.swift; path = ChatGPTTests.swift; sourceTree = "<group>"; };
		E4C65EBE29CA9E8000AFA884 /* ChatGPTUITests.xctest */ = {isa = PBXFileReference; explicitFileType = wrapper.cfbundle; includeInIndex = 0; path = ChatGPTUITests.xctest; sourceTree = BUILT_PRODUCTS_DIR; };
		E4C65EC229CA9E8000AFA884 /* ChatGPTUITests.swift */ = {isa = PBXFileReference; lastKnownFileType = sourcecode.swift; path = ChatGPTUITests.swift; sourceTree = "<group>"; };
		E4C65EC429CA9E8000AFA884 /* ChatGPTUITestsLaunchTests.swift */ = {isa = PBXFileReference; lastKnownFileType = sourcecode.swift; path = ChatGPTUITestsLaunchTests.swift; sourceTree = "<group>"; };
		E4C65ED329CA9F7800AFA884 /* DialogueSession.swift */ = {isa = PBXFileReference; fileEncoding = 4; lastKnownFileType = sourcecode.swift; path = DialogueSession.swift; sourceTree = "<group>"; };
		E4C65ED429CA9F7800AFA884 /* Conversation.swift */ = {isa = PBXFileReference; fileEncoding = 4; lastKnownFileType = sourcecode.swift; path = Conversation.swift; sourceTree = "<group>"; };
		E4C65ED729CA9F7800AFA884 /* MessageListView.swift */ = {isa = PBXFileReference; fileEncoding = 4; lastKnownFileType = sourcecode.swift; path = MessageListView.swift; sourceTree = "<group>"; };
		E4C65ED829CA9F7800AFA884 /* ConversationView.swift */ = {isa = PBXFileReference; fileEncoding = 4; lastKnownFileType = sourcecode.swift; path = ConversationView.swift; sourceTree = "<group>"; };
		E4C65ED929CA9F7800AFA884 /* MessageMarkdownView.swift */ = {isa = PBXFileReference; fileEncoding = 4; lastKnownFileType = sourcecode.swift; path = MessageMarkdownView.swift; sourceTree = "<group>"; };
		E4C65EDA29CA9F7800AFA884 /* MessageBubble.swift */ = {isa = PBXFileReference; fileEncoding = 4; lastKnownFileType = sourcecode.swift; path = MessageBubble.swift; sourceTree = "<group>"; };
		E4C65EDB29CA9F7800AFA884 /* ReplyingIndicatorView.swift */ = {isa = PBXFileReference; fileEncoding = 4; lastKnownFileType = sourcecode.swift; path = ReplyingIndicatorView.swift; sourceTree = "<group>"; };
		E4C65EDC29CA9F7800AFA884 /* LeadingComposerView.swift */ = {isa = PBXFileReference; fileEncoding = 4; lastKnownFileType = sourcecode.swift; path = LeadingComposerView.swift; sourceTree = "<group>"; };
		E4C65EDD29CA9F7800AFA884 /* ComposerInputView.swift */ = {isa = PBXFileReference; fileEncoding = 4; lastKnownFileType = sourcecode.swift; path = ComposerInputView.swift; sourceTree = "<group>"; };
		E4C65EDE29CA9F7800AFA884 /* AppSettingsView.swift */ = {isa = PBXFileReference; fileEncoding = 4; lastKnownFileType = sourcecode.swift; path = AppSettingsView.swift; sourceTree = "<group>"; };
		E4C65EE029CA9F7800AFA884 /* DialogueSessionListView.swift */ = {isa = PBXFileReference; fileEncoding = 4; lastKnownFileType = sourcecode.swift; path = DialogueSessionListView.swift; sourceTree = "<group>"; };
		E4C65EE329CA9F7800AFA884 /* OpenAI.swift */ = {isa = PBXFileReference; fileEncoding = 4; lastKnownFileType = sourcecode.swift; path = OpenAI.swift; sourceTree = "<group>"; };
		E4C65EE529CA9F7800AFA884 /* Models.swift */ = {isa = PBXFileReference; fileEncoding = 4; lastKnownFileType = sourcecode.swift; path = Models.swift; sourceTree = "<group>"; };
		E4C65EE629CA9F7800AFA884 /* Prompt.swift */ = {isa = PBXFileReference; fileEncoding = 4; lastKnownFileType = sourcecode.swift; path = Prompt.swift; sourceTree = "<group>"; };
		E4C65EE729CA9F7800AFA884 /* OpenAIService.swift */ = {isa = PBXFileReference; fileEncoding = 4; lastKnownFileType = sourcecode.swift; path = OpenAIService.swift; sourceTree = "<group>"; };
		E4C65EE929CA9F7800AFA884 /* chatgpt_prompts.json */ = {isa = PBXFileReference; fileEncoding = 4; lastKnownFileType = text.json; path = chatgpt_prompts.json; sourceTree = "<group>"; };
		E4C65EEB29CA9F7800AFA884 /* Splash.swift */ = {isa = PBXFileReference; fileEncoding = 4; lastKnownFileType = sourcecode.swift; path = Splash.swift; sourceTree = "<group>"; };
		E4C65EEC29CA9F7800AFA884 /* KeyboardPublisher.swift */ = {isa = PBXFileReference; fileEncoding = 4; lastKnownFileType = sourcecode.swift; path = KeyboardPublisher.swift; sourceTree = "<group>"; };
		E4C65F1729CBEE2400AFA884 /* BottomInputView.swift */ = {isa = PBXFileReference; lastKnownFileType = sourcecode.swift; path = BottomInputView.swift; sourceTree = "<group>"; };
		E4C65F1B29D0404B00AFA884 /* DateExtensions.swift */ = {isa = PBXFileReference; lastKnownFileType = sourcecode.swift; path = DateExtensions.swift; sourceTree = "<group>"; };
		E4C65F1F29D0649800AFA884 /* DialogueSettingsView.swift */ = {isa = PBXFileReference; lastKnownFileType = sourcecode.swift; path = DialogueSettingsView.swift; sourceTree = "<group>"; };
		E4E99BC629D415FF00C0FCBD /* DialogueListPlaceholderView.swift */ = {isa = PBXFileReference; lastKnownFileType = sourcecode.swift; path = DialogueListPlaceholderView.swift; sourceTree = "<group>"; };
		E4E99BC829D5AF9F00C0FCBD /* ToolTipView.swift */ = {isa = PBXFileReference; lastKnownFileType = sourcecode.swift; path = ToolTipView.swift; sourceTree = "<group>"; };
		E4E99BCF29D681A000C0FCBD /* PromptsListView.swift */ = {isa = PBXFileReference; lastKnownFileType = sourcecode.swift; path = PromptsListView.swift; sourceTree = "<group>"; };
/* End PBXFileReference section */

/* Begin PBXFrameworksBuildPhase section */
		E4C65E9B29CA9E7E00AFA884 /* Frameworks */ = {
			isa = PBXFrameworksBuildPhase;
			buildActionMask = 2147483647;
			files = (
				E4E99BCC29D5D58700C0FCBD /* SwiftCSV in Frameworks */,
				E4C65F0E29CAA06600AFA884 /* Splash in Frameworks */,
				E4C65F0229CAA01800AFA884 /* Introspect in Frameworks */,
				E4C65F0529CAA02800AFA884 /* SwiftUIX in Frameworks */,
				E4C65F1129CAA08400AFA884 /* MarkdownUI in Frameworks */,
			);
			runOnlyForDeploymentPostprocessing = 0;
		};
		E4C65EB129CA9E8000AFA884 /* Frameworks */ = {
			isa = PBXFrameworksBuildPhase;
			buildActionMask = 2147483647;
			files = (
			);
			runOnlyForDeploymentPostprocessing = 0;
		};
		E4C65EBB29CA9E8000AFA884 /* Frameworks */ = {
			isa = PBXFrameworksBuildPhase;
			buildActionMask = 2147483647;
			files = (
			);
			runOnlyForDeploymentPostprocessing = 0;
		};
/* End PBXFrameworksBuildPhase section */

/* Begin PBXGroup section */
		E4994DF029DA8AF8002981D0 /* Setting */ = {
			isa = PBXGroup;
			children = (
				E4C65EDE29CA9F7800AFA884 /* AppSettingsView.swift */,
				E4994DF129DA8B29002981D0 /* MacOSSettingsView.swift */,
				E4E99BCF29D681A000C0FCBD /* PromptsListView.swift */,
				E4994DEA29D6E655002981D0 /* CustomPromptsView.swift */,
			);
			path = Setting;
			sourceTree = "<group>";
		};
		E4C65E9529CA9E7E00AFA884 = {
			isa = PBXGroup;
			children = (
				E4C65EA029CA9E7E00AFA884 /* ChatGPT */,
				E4C65EB729CA9E8000AFA884 /* ChatGPTTests */,
				E4C65EC129CA9E8000AFA884 /* ChatGPTUITests */,
				E4C65E9F29CA9E7E00AFA884 /* Products */,
			);
			sourceTree = "<group>";
		};
		E4C65E9F29CA9E7E00AFA884 /* Products */ = {
			isa = PBXGroup;
			children = (
				E4C65E9E29CA9E7E00AFA884 /* ChatGPT.app */,
				E4C65EB429CA9E8000AFA884 /* ChatGPTTests.xctest */,
				E4C65EBE29CA9E8000AFA884 /* ChatGPTUITests.xctest */,
			);
			name = Products;
			sourceTree = "<group>";
		};
		E4C65EA029CA9E7E00AFA884 /* ChatGPT */ = {
			isa = PBXGroup;
			children = (
				E4C65ED129CA9F7800AFA884 /* Class */,
				E4C65EA129CA9E7E00AFA884 /* ChatGPTApp.swift */,
				E4C65EA829CA9E7E00AFA884 /* ContentView.swift */,
				E4C65EA329CA9E7E00AFA884 /* Persistence.swift */,
				E4C65EE829CA9F7800AFA884 /* Resource */,
				E4C65EAC29CA9E7F00AFA884 /* ChatGPT.entitlements */,
				E4C65EA529CA9E7E00AFA884 /* ChatGPT.xcdatamodeld */,
				E4C65EAD29CA9E7F00AFA884 /* Preview Content */,
			);
			path = ChatGPT;
			sourceTree = "<group>";
		};
		E4C65EAD29CA9E7F00AFA884 /* Preview Content */ = {
			isa = PBXGroup;
			children = (
				E4C65EAE29CA9E7F00AFA884 /* Preview Assets.xcassets */,
			);
			path = "Preview Content";
			sourceTree = "<group>";
		};
		E4C65EB729CA9E8000AFA884 /* ChatGPTTests */ = {
			isa = PBXGroup;
			children = (
				E4C65EB829CA9E8000AFA884 /* ChatGPTTests.swift */,
			);
			path = ChatGPTTests;
			sourceTree = "<group>";
		};
		E4C65EC129CA9E8000AFA884 /* ChatGPTUITests */ = {
			isa = PBXGroup;
			children = (
				E4C65EC229CA9E8000AFA884 /* ChatGPTUITests.swift */,
				E4C65EC429CA9E8000AFA884 /* ChatGPTUITestsLaunchTests.swift */,
			);
			path = ChatGPTUITests;
			sourceTree = "<group>";
		};
		E4C65ED129CA9F7800AFA884 /* Class */ = {
			isa = PBXGroup;
			children = (
				E4C65EE229CA9F7800AFA884 /* API */,
				E4C65ED529CA9F7800AFA884 /* View */,
				E4C65ED229CA9F7800AFA884 /* ViewModel */,
				E4C65EEA29CA9F7800AFA884 /* Utility */,
			);
			path = Class;
			sourceTree = "<group>";
		};
		E4C65ED229CA9F7800AFA884 /* ViewModel */ = {
			isa = PBXGroup;
			children = (
				E4C65ED329CA9F7800AFA884 /* DialogueSession.swift */,
				E4C65ED429CA9F7800AFA884 /* Conversation.swift */,
			);
			path = ViewModel;
			sourceTree = "<group>";
		};
		E4C65ED529CA9F7800AFA884 /* View */ = {
			isa = PBXGroup;
			children = (
				E4994DF029DA8AF8002981D0 /* Setting */,
				E4C65EDF29CA9F7800AFA884 /* DialogueList */,
				E4C65ED629CA9F7800AFA884 /* MessageList */,
				E4C65F1629CB450900AFA884 /* UI */,
			);
			path = View;
			sourceTree = "<group>";
		};
		E4C65ED629CA9F7800AFA884 /* MessageList */ = {
			isa = PBXGroup;
			children = (
				E4C65ED729CA9F7800AFA884 /* MessageListView.swift */,
				E4C65ED829CA9F7800AFA884 /* ConversationView.swift */,
				E4C65ED929CA9F7800AFA884 /* MessageMarkdownView.swift */,
				E4C65EDA29CA9F7800AFA884 /* MessageBubble.swift */,
				E4EAAFC229D1E25900A37FA5 /* BottomViews */,
				E4C65F1F29D0649800AFA884 /* DialogueSettingsView.swift */,
			);
			path = MessageList;
			sourceTree = "<group>";
		};
		E4C65EDF29CA9F7800AFA884 /* DialogueList */ = {
			isa = PBXGroup;
			children = (
				E4C65EE029CA9F7800AFA884 /* DialogueSessionListView.swift */,
				E4E99BC629D415FF00C0FCBD /* DialogueListPlaceholderView.swift */,
			);
			path = DialogueList;
			sourceTree = "<group>";
		};
		E4C65EE229CA9F7800AFA884 /* API */ = {
			isa = PBXGroup;
			children = (
				E4C65EE329CA9F7800AFA884 /* OpenAI.swift */,
				E4C65EE729CA9F7800AFA884 /* OpenAIService.swift */,
				E4C65EE429CA9F7800AFA884 /* Models */,
			);
			path = API;
			sourceTree = "<group>";
		};
		E4C65EE429CA9F7800AFA884 /* Models */ = {
			isa = PBXGroup;
			children = (
				E4C65EE529CA9F7800AFA884 /* Models.swift */,
				E4C65EE629CA9F7800AFA884 /* Prompt.swift */,
			);
			path = Models;
			sourceTree = "<group>";
		};
		E4C65EE829CA9F7800AFA884 /* Resource */ = {
			isa = PBXGroup;
			children = (
				E4C65EE929CA9F7800AFA884 /* chatgpt_prompts.json */,
				E4C65EAA29CA9E7F00AFA884 /* Assets.xcassets */,
			);
			path = Resource;
			sourceTree = "<group>";
		};
		E4C65EEA29CA9F7800AFA884 /* Utility */ = {
			isa = PBXGroup;
			children = (
				E4C65EEB29CA9F7800AFA884 /* Splash.swift */,
				E4C65EEC29CA9F7800AFA884 /* KeyboardPublisher.swift */,
				E4C65F1B29D0404B00AFA884 /* DateExtensions.swift */,
				E4994DEC29D9C923002981D0 /* ScrollViewDidScrollViewModifier.swift */,
			);
			path = Utility;
			sourceTree = "<group>";
		};
		E4C65F1629CB450900AFA884 /* UI */ = {
			isa = PBXGroup;
			children = (
				E4C65EDB29CA9F7800AFA884 /* ReplyingIndicatorView.swift */,
				E4E99BC829D5AF9F00C0FCBD /* ToolTipView.swift */,
			);
			path = UI;
			sourceTree = "<group>";
		};
		E4EAAFC229D1E25900A37FA5 /* BottomViews */ = {
			isa = PBXGroup;
			children = (
				E4C65F1729CBEE2400AFA884 /* BottomInputView.swift */,
				E4C65EDC29CA9F7800AFA884 /* LeadingComposerView.swift */,
				E4C65EDD29CA9F7800AFA884 /* ComposerInputView.swift */,
			);
			path = BottomViews;
			sourceTree = "<group>";
		};
/* End PBXGroup section */

/* Begin PBXNativeTarget section */
		E4C65E9D29CA9E7E00AFA884 /* ChatGPT */ = {
			isa = PBXNativeTarget;
			buildConfigurationList = E4C65EC829CA9E8000AFA884 /* Build configuration list for PBXNativeTarget "ChatGPT" */;
			buildPhases = (
				E4C65E9A29CA9E7E00AFA884 /* Sources */,
				E4C65E9B29CA9E7E00AFA884 /* Frameworks */,
				E4C65E9C29CA9E7E00AFA884 /* Resources */,
			);
			buildRules = (
			);
			dependencies = (
			);
			name = ChatGPT;
			packageProductDependencies = (
				E4C65F0129CAA01800AFA884 /* Introspect */,
				E4C65F0429CAA02800AFA884 /* SwiftUIX */,
				E4C65F0D29CAA06600AFA884 /* Splash */,
				E4C65F1029CAA08400AFA884 /* MarkdownUI */,
				E4E99BCB29D5D58700C0FCBD /* SwiftCSV */,
			);
			productName = ChatGPT;
			productReference = E4C65E9E29CA9E7E00AFA884 /* ChatGPT.app */;
			productType = "com.apple.product-type.application";
		};
		E4C65EB329CA9E8000AFA884 /* ChatGPTTests */ = {
			isa = PBXNativeTarget;
			buildConfigurationList = E4C65ECB29CA9E8000AFA884 /* Build configuration list for PBXNativeTarget "ChatGPTTests" */;
			buildPhases = (
				E4C65EB029CA9E8000AFA884 /* Sources */,
				E4C65EB129CA9E8000AFA884 /* Frameworks */,
				E4C65EB229CA9E8000AFA884 /* Resources */,
			);
			buildRules = (
			);
			dependencies = (
				E4C65EB629CA9E8000AFA884 /* PBXTargetDependency */,
			);
			name = ChatGPTTests;
			productName = ChatGPTTests;
			productReference = E4C65EB429CA9E8000AFA884 /* ChatGPTTests.xctest */;
			productType = "com.apple.product-type.bundle.unit-test";
		};
		E4C65EBD29CA9E8000AFA884 /* ChatGPTUITests */ = {
			isa = PBXNativeTarget;
			buildConfigurationList = E4C65ECE29CA9E8000AFA884 /* Build configuration list for PBXNativeTarget "ChatGPTUITests" */;
			buildPhases = (
				E4C65EBA29CA9E8000AFA884 /* Sources */,
				E4C65EBB29CA9E8000AFA884 /* Frameworks */,
				E4C65EBC29CA9E8000AFA884 /* Resources */,
			);
			buildRules = (
			);
			dependencies = (
				E4C65EC029CA9E8000AFA884 /* PBXTargetDependency */,
			);
			name = ChatGPTUITests;
			productName = ChatGPTUITests;
			productReference = E4C65EBE29CA9E8000AFA884 /* ChatGPTUITests.xctest */;
			productType = "com.apple.product-type.bundle.ui-testing";
		};
/* End PBXNativeTarget section */

/* Begin PBXProject section */
		E4C65E9629CA9E7E00AFA884 /* Project object */ = {
			isa = PBXProject;
			attributes = {
				BuildIndependentTargetsInParallel = 1;
				LastSwiftUpdateCheck = 1420;
				LastUpgradeCheck = 1420;
				TargetAttributes = {
					E4C65E9D29CA9E7E00AFA884 = {
						CreatedOnToolsVersion = 14.2;
					};
					E4C65EB329CA9E8000AFA884 = {
						CreatedOnToolsVersion = 14.2;
						TestTargetID = E4C65E9D29CA9E7E00AFA884;
					};
					E4C65EBD29CA9E8000AFA884 = {
						CreatedOnToolsVersion = 14.2;
						TestTargetID = E4C65E9D29CA9E7E00AFA884;
					};
				};
			};
			buildConfigurationList = E4C65E9929CA9E7E00AFA884 /* Build configuration list for PBXProject "ChatGPT" */;
			compatibilityVersion = "Xcode 14.0";
			developmentRegion = en;
			hasScannedForEncodings = 0;
			knownRegions = (
				en,
				Base,
			);
			mainGroup = E4C65E9529CA9E7E00AFA884;
			packageReferences = (
				E4C65F0029CAA01800AFA884 /* XCRemoteSwiftPackageReference "SwiftUI-Introspect" */,
				E4C65F0329CAA02800AFA884 /* XCRemoteSwiftPackageReference "SwiftUIX" */,
				E4C65F0C29CAA06600AFA884 /* XCRemoteSwiftPackageReference "Splash" */,
				E4C65F0F29CAA08400AFA884 /* XCRemoteSwiftPackageReference "swift-markdown-ui" */,
				E4E99BCA29D5D58700C0FCBD /* XCRemoteSwiftPackageReference "SwiftCSV" */,
			);
			productRefGroup = E4C65E9F29CA9E7E00AFA884 /* Products */;
			projectDirPath = "";
			projectRoot = "";
			targets = (
				E4C65E9D29CA9E7E00AFA884 /* ChatGPT */,
				E4C65EB329CA9E8000AFA884 /* ChatGPTTests */,
				E4C65EBD29CA9E8000AFA884 /* ChatGPTUITests */,
			);
		};
/* End PBXProject section */

/* Begin PBXResourcesBuildPhase section */
		E4C65E9C29CA9E7E00AFA884 /* Resources */ = {
			isa = PBXResourcesBuildPhase;
			buildActionMask = 2147483647;
			files = (
				E4C65EFD29CA9F7800AFA884 /* chatgpt_prompts.json in Resources */,
				E4C65EAF29CA9E7F00AFA884 /* Preview Assets.xcassets in Resources */,
				E4C65EAB29CA9E7F00AFA884 /* Assets.xcassets in Resources */,
			);
			runOnlyForDeploymentPostprocessing = 0;
		};
		E4C65EB229CA9E8000AFA884 /* Resources */ = {
			isa = PBXResourcesBuildPhase;
			buildActionMask = 2147483647;
			files = (
			);
			runOnlyForDeploymentPostprocessing = 0;
		};
		E4C65EBC29CA9E8000AFA884 /* Resources */ = {
			isa = PBXResourcesBuildPhase;
			buildActionMask = 2147483647;
			files = (
			);
			runOnlyForDeploymentPostprocessing = 0;
		};
/* End PBXResourcesBuildPhase section */

/* Begin PBXSourcesBuildPhase section */
		E4C65E9A29CA9E7E00AFA884 /* Sources */ = {
			isa = PBXSourcesBuildPhase;
			buildActionMask = 2147483647;
			files = (
				E4C65F1C29D0404C00AFA884 /* DateExtensions.swift in Sources */,
				E4E99BC729D415FF00C0FCBD /* DialogueListPlaceholderView.swift in Sources */,
				E4C65EA229CA9E7E00AFA884 /* ChatGPTApp.swift in Sources */,
				E4994DF229DA8B29002981D0 /* MacOSSettingsView.swift in Sources */,
				E4C65EEF29CA9F7800AFA884 /* MessageListView.swift in Sources */,
				E4C65F2029D0649800AFA884 /* DialogueSettingsView.swift in Sources */,
				E4994DEB29D6E655002981D0 /* CustomPromptsView.swift in Sources */,
				E4C65EA729CA9E7E00AFA884 /* ChatGPT.xcdatamodeld in Sources */,
				E4C65EEE29CA9F7800AFA884 /* Conversation.swift in Sources */,
				E4994DED29D9C923002981D0 /* ScrollViewDidScrollViewModifier.swift in Sources */,
				E4C65EFB29CA9F7800AFA884 /* Prompt.swift in Sources */,
				E4C65EA929CA9E7E00AFA884 /* ContentView.swift in Sources */,
				E4C65F1829CBEE2400AFA884 /* BottomInputView.swift in Sources */,
				E4C65EF929CA9F7800AFA884 /* OpenAI.swift in Sources */,
				E4C65EFF29CA9F7800AFA884 /* KeyboardPublisher.swift in Sources */,
				E4C65EFE29CA9F7800AFA884 /* Splash.swift in Sources */,
				E4C65EF729CA9F7800AFA884 /* DialogueSessionListView.swift in Sources */,
				E4E99BC929D5AF9F00C0FCBD /* ToolTipView.swift in Sources */,
				E4C65EF329CA9F7800AFA884 /* ReplyingIndicatorView.swift in Sources */,
				E4C65EED29CA9F7800AFA884 /* DialogueSession.swift in Sources */,
				E4C65EF629CA9F7800AFA884 /* AppSettingsView.swift in Sources */,
				E4E99BD029D681A000C0FCBD /* PromptsListView.swift in Sources */,
				E4C65EF129CA9F7800AFA884 /* MessageMarkdownView.swift in Sources */,
				E4C65EF529CA9F7800AFA884 /* ComposerInputView.swift in Sources */,
				E4C65EFC29CA9F7800AFA884 /* OpenAIService.swift in Sources */,
				E4C65EF229CA9F7800AFA884 /* MessageBubble.swift in Sources */,
				E4C65EA429CA9E7E00AFA884 /* Persistence.swift in Sources */,
				E4C65EFA29CA9F7800AFA884 /* Models.swift in Sources */,
				E4C65EF029CA9F7800AFA884 /* ConversationView.swift in Sources */,
				E4C65EF429CA9F7800AFA884 /* LeadingComposerView.swift in Sources */,
			);
			runOnlyForDeploymentPostprocessing = 0;
		};
		E4C65EB029CA9E8000AFA884 /* Sources */ = {
			isa = PBXSourcesBuildPhase;
			buildActionMask = 2147483647;
			files = (
				E4C65EB929CA9E8000AFA884 /* ChatGPTTests.swift in Sources */,
			);
			runOnlyForDeploymentPostprocessing = 0;
		};
		E4C65EBA29CA9E8000AFA884 /* Sources */ = {
			isa = PBXSourcesBuildPhase;
			buildActionMask = 2147483647;
			files = (
				E4C65EC529CA9E8000AFA884 /* ChatGPTUITestsLaunchTests.swift in Sources */,
				E4C65EC329CA9E8000AFA884 /* ChatGPTUITests.swift in Sources */,
			);
			runOnlyForDeploymentPostprocessing = 0;
		};
/* End PBXSourcesBuildPhase section */

/* Begin PBXTargetDependency section */
		E4C65EB629CA9E8000AFA884 /* PBXTargetDependency */ = {
			isa = PBXTargetDependency;
			target = E4C65E9D29CA9E7E00AFA884 /* ChatGPT */;
			targetProxy = E4C65EB529CA9E8000AFA884 /* PBXContainerItemProxy */;
		};
		E4C65EC029CA9E8000AFA884 /* PBXTargetDependency */ = {
			isa = PBXTargetDependency;
			target = E4C65E9D29CA9E7E00AFA884 /* ChatGPT */;
			targetProxy = E4C65EBF29CA9E8000AFA884 /* PBXContainerItemProxy */;
		};
/* End PBXTargetDependency section */

/* Begin XCBuildConfiguration section */
		E4C65EC629CA9E8000AFA884 /* Debug */ = {
			isa = XCBuildConfiguration;
			buildSettings = {
				ALWAYS_SEARCH_USER_PATHS = NO;
				CLANG_ANALYZER_NONNULL = YES;
				CLANG_ANALYZER_NUMBER_OBJECT_CONVERSION = YES_AGGRESSIVE;
				CLANG_CXX_LANGUAGE_STANDARD = "gnu++20";
				CLANG_ENABLE_MODULES = YES;
				CLANG_ENABLE_OBJC_ARC = YES;
				CLANG_ENABLE_OBJC_WEAK = YES;
				CLANG_WARN_BLOCK_CAPTURE_AUTORELEASING = YES;
				CLANG_WARN_BOOL_CONVERSION = YES;
				CLANG_WARN_COMMA = YES;
				CLANG_WARN_CONSTANT_CONVERSION = YES;
				CLANG_WARN_DEPRECATED_OBJC_IMPLEMENTATIONS = YES;
				CLANG_WARN_DIRECT_OBJC_ISA_USAGE = YES_ERROR;
				CLANG_WARN_DOCUMENTATION_COMMENTS = YES;
				CLANG_WARN_EMPTY_BODY = YES;
				CLANG_WARN_ENUM_CONVERSION = YES;
				CLANG_WARN_INFINITE_RECURSION = YES;
				CLANG_WARN_INT_CONVERSION = YES;
				CLANG_WARN_NON_LITERAL_NULL_CONVERSION = YES;
				CLANG_WARN_OBJC_IMPLICIT_RETAIN_SELF = YES;
				CLANG_WARN_OBJC_LITERAL_CONVERSION = YES;
				CLANG_WARN_OBJC_ROOT_CLASS = YES_ERROR;
				CLANG_WARN_QUOTED_INCLUDE_IN_FRAMEWORK_HEADER = YES;
				CLANG_WARN_RANGE_LOOP_ANALYSIS = YES;
				CLANG_WARN_STRICT_PROTOTYPES = YES;
				CLANG_WARN_SUSPICIOUS_MOVE = YES;
				CLANG_WARN_UNGUARDED_AVAILABILITY = YES_AGGRESSIVE;
				CLANG_WARN_UNREACHABLE_CODE = YES;
				CLANG_WARN__DUPLICATE_METHOD_MATCH = YES;
				COPY_PHASE_STRIP = NO;
				DEBUG_INFORMATION_FORMAT = dwarf;
				ENABLE_STRICT_OBJC_MSGSEND = YES;
				ENABLE_TESTABILITY = YES;
				GCC_C_LANGUAGE_STANDARD = gnu11;
				GCC_DYNAMIC_NO_PIC = NO;
				GCC_NO_COMMON_BLOCKS = YES;
				GCC_OPTIMIZATION_LEVEL = 0;
				GCC_PREPROCESSOR_DEFINITIONS = (
					"DEBUG=1",
					"$(inherited)",
				);
				GCC_WARN_64_TO_32_BIT_CONVERSION = YES;
				GCC_WARN_ABOUT_RETURN_TYPE = YES_ERROR;
				GCC_WARN_UNDECLARED_SELECTOR = YES;
				GCC_WARN_UNINITIALIZED_AUTOS = YES_AGGRESSIVE;
				GCC_WARN_UNUSED_FUNCTION = YES;
				GCC_WARN_UNUSED_VARIABLE = YES;
				IPHONEOS_DEPLOYMENT_TARGET = 16.0;
				MACOSX_DEPLOYMENT_TARGET = 13.0;
				MTL_ENABLE_DEBUG_INFO = INCLUDE_SOURCE;
				MTL_FAST_MATH = YES;
				ONLY_ACTIVE_ARCH = YES;
				SWIFT_ACTIVE_COMPILATION_CONDITIONS = DEBUG;
				SWIFT_OPTIMIZATION_LEVEL = "-Onone";
			};
			name = Debug;
		};
		E4C65EC729CA9E8000AFA884 /* Release */ = {
			isa = XCBuildConfiguration;
			buildSettings = {
				ALWAYS_SEARCH_USER_PATHS = NO;
				CLANG_ANALYZER_NONNULL = YES;
				CLANG_ANALYZER_NUMBER_OBJECT_CONVERSION = YES_AGGRESSIVE;
				CLANG_CXX_LANGUAGE_STANDARD = "gnu++20";
				CLANG_ENABLE_MODULES = YES;
				CLANG_ENABLE_OBJC_ARC = YES;
				CLANG_ENABLE_OBJC_WEAK = YES;
				CLANG_WARN_BLOCK_CAPTURE_AUTORELEASING = YES;
				CLANG_WARN_BOOL_CONVERSION = YES;
				CLANG_WARN_COMMA = YES;
				CLANG_WARN_CONSTANT_CONVERSION = YES;
				CLANG_WARN_DEPRECATED_OBJC_IMPLEMENTATIONS = YES;
				CLANG_WARN_DIRECT_OBJC_ISA_USAGE = YES_ERROR;
				CLANG_WARN_DOCUMENTATION_COMMENTS = YES;
				CLANG_WARN_EMPTY_BODY = YES;
				CLANG_WARN_ENUM_CONVERSION = YES;
				CLANG_WARN_INFINITE_RECURSION = YES;
				CLANG_WARN_INT_CONVERSION = YES;
				CLANG_WARN_NON_LITERAL_NULL_CONVERSION = YES;
				CLANG_WARN_OBJC_IMPLICIT_RETAIN_SELF = YES;
				CLANG_WARN_OBJC_LITERAL_CONVERSION = YES;
				CLANG_WARN_OBJC_ROOT_CLASS = YES_ERROR;
				CLANG_WARN_QUOTED_INCLUDE_IN_FRAMEWORK_HEADER = YES;
				CLANG_WARN_RANGE_LOOP_ANALYSIS = YES;
				CLANG_WARN_STRICT_PROTOTYPES = YES;
				CLANG_WARN_SUSPICIOUS_MOVE = YES;
				CLANG_WARN_UNGUARDED_AVAILABILITY = YES_AGGRESSIVE;
				CLANG_WARN_UNREACHABLE_CODE = YES;
				CLANG_WARN__DUPLICATE_METHOD_MATCH = YES;
				COPY_PHASE_STRIP = NO;
				DEBUG_INFORMATION_FORMAT = "dwarf-with-dsym";
				ENABLE_NS_ASSERTIONS = NO;
				ENABLE_STRICT_OBJC_MSGSEND = YES;
				GCC_C_LANGUAGE_STANDARD = gnu11;
				GCC_NO_COMMON_BLOCKS = YES;
				GCC_WARN_64_TO_32_BIT_CONVERSION = YES;
				GCC_WARN_ABOUT_RETURN_TYPE = YES_ERROR;
				GCC_WARN_UNDECLARED_SELECTOR = YES;
				GCC_WARN_UNINITIALIZED_AUTOS = YES_AGGRESSIVE;
				GCC_WARN_UNUSED_FUNCTION = YES;
				GCC_WARN_UNUSED_VARIABLE = YES;
				IPHONEOS_DEPLOYMENT_TARGET = 16.0;
				MACOSX_DEPLOYMENT_TARGET = 13.0;
				MTL_ENABLE_DEBUG_INFO = NO;
				MTL_FAST_MATH = YES;
				SWIFT_COMPILATION_MODE = wholemodule;
				SWIFT_OPTIMIZATION_LEVEL = "-O";
			};
			name = Release;
		};
		E4C65EC929CA9E8000AFA884 /* Debug */ = {
			isa = XCBuildConfiguration;
			buildSettings = {
				ASSETCATALOG_COMPILER_APPICON_NAME = AppIcon;
				ASSETCATALOG_COMPILER_GLOBAL_ACCENT_COLOR_NAME = AccentColor;
				CODE_SIGN_ENTITLEMENTS = ChatGPT/ChatGPT.entitlements;
				CODE_SIGN_STYLE = Automatic;
				CURRENT_PROJECT_VERSION = 1;
				DEVELOPMENT_ASSET_PATHS = "\"ChatGPT/Preview Content\"";
				DEVELOPMENT_TEAM = 2WRET6WW2J;
				ENABLE_HARDENED_RUNTIME = YES;
				ENABLE_PREVIEWS = YES;
				GENERATE_INFOPLIST_FILE = YES;
				"INFOPLIST_KEY_UIApplicationSceneManifest_Generation[sdk=iphoneos*]" = YES;
				"INFOPLIST_KEY_UIApplicationSceneManifest_Generation[sdk=iphonesimulator*]" = YES;
				"INFOPLIST_KEY_UIApplicationSupportsIndirectInputEvents[sdk=iphoneos*]" = YES;
				"INFOPLIST_KEY_UIApplicationSupportsIndirectInputEvents[sdk=iphonesimulator*]" = YES;
				"INFOPLIST_KEY_UILaunchScreen_Generation[sdk=iphoneos*]" = YES;
				"INFOPLIST_KEY_UILaunchScreen_Generation[sdk=iphonesimulator*]" = YES;
				"INFOPLIST_KEY_UIStatusBarStyle[sdk=iphoneos*]" = UIStatusBarStyleDefault;
				"INFOPLIST_KEY_UIStatusBarStyle[sdk=iphonesimulator*]" = UIStatusBarStyleDefault;
				INFOPLIST_KEY_UISupportedInterfaceOrientations_iPad = "UIInterfaceOrientationPortrait UIInterfaceOrientationPortraitUpsideDown UIInterfaceOrientationLandscapeLeft UIInterfaceOrientationLandscapeRight";
				INFOPLIST_KEY_UISupportedInterfaceOrientations_iPhone = "UIInterfaceOrientationPortrait UIInterfaceOrientationLandscapeLeft UIInterfaceOrientationLandscapeRight";
				IPHONEOS_DEPLOYMENT_TARGET = 16.0;
				LD_RUNPATH_SEARCH_PATHS = "@executable_path/Frameworks";
				"LD_RUNPATH_SEARCH_PATHS[sdk=macosx*]" = "@executable_path/../Frameworks";
				MACOSX_DEPLOYMENT_TARGET = 13.0;
				MARKETING_VERSION = 1.0.0;
				PRODUCT_BUNDLE_IDENTIFIER = com.luohuanyu.ChatGPT;
				PRODUCT_NAME = "$(TARGET_NAME)";
				SDKROOT = auto;
				SUPPORTED_PLATFORMS = "iphoneos iphonesimulator macosx";
				SWIFT_EMIT_LOC_STRINGS = YES;
				SWIFT_VERSION = 5.0;
				TARGETED_DEVICE_FAMILY = "1,2";
			};
			name = Debug;
		};
		E4C65ECA29CA9E8000AFA884 /* Release */ = {
			isa = XCBuildConfiguration;
			buildSettings = {
				ASSETCATALOG_COMPILER_APPICON_NAME = AppIcon;
				ASSETCATALOG_COMPILER_GLOBAL_ACCENT_COLOR_NAME = AccentColor;
				CODE_SIGN_ENTITLEMENTS = ChatGPT/ChatGPT.entitlements;
				CODE_SIGN_STYLE = Automatic;
				CURRENT_PROJECT_VERSION = 1;
				DEVELOPMENT_ASSET_PATHS = "\"ChatGPT/Preview Content\"";
				DEVELOPMENT_TEAM = 2WRET6WW2J;
				ENABLE_HARDENED_RUNTIME = YES;
				ENABLE_PREVIEWS = YES;
				GENERATE_INFOPLIST_FILE = YES;
				"INFOPLIST_KEY_UIApplicationSceneManifest_Generation[sdk=iphoneos*]" = YES;
				"INFOPLIST_KEY_UIApplicationSceneManifest_Generation[sdk=iphonesimulator*]" = YES;
				"INFOPLIST_KEY_UIApplicationSupportsIndirectInputEvents[sdk=iphoneos*]" = YES;
				"INFOPLIST_KEY_UIApplicationSupportsIndirectInputEvents[sdk=iphonesimulator*]" = YES;
				"INFOPLIST_KEY_UILaunchScreen_Generation[sdk=iphoneos*]" = YES;
				"INFOPLIST_KEY_UILaunchScreen_Generation[sdk=iphonesimulator*]" = YES;
				"INFOPLIST_KEY_UIStatusBarStyle[sdk=iphoneos*]" = UIStatusBarStyleDefault;
				"INFOPLIST_KEY_UIStatusBarStyle[sdk=iphonesimulator*]" = UIStatusBarStyleDefault;
				INFOPLIST_KEY_UISupportedInterfaceOrientations_iPad = "UIInterfaceOrientationPortrait UIInterfaceOrientationPortraitUpsideDown UIInterfaceOrientationLandscapeLeft UIInterfaceOrientationLandscapeRight";
				INFOPLIST_KEY_UISupportedInterfaceOrientations_iPhone = "UIInterfaceOrientationPortrait UIInterfaceOrientationLandscapeLeft UIInterfaceOrientationLandscapeRight";
				IPHONEOS_DEPLOYMENT_TARGET = 16.0;
				LD_RUNPATH_SEARCH_PATHS = "@executable_path/Frameworks";
				"LD_RUNPATH_SEARCH_PATHS[sdk=macosx*]" = "@executable_path/../Frameworks";
				MACOSX_DEPLOYMENT_TARGET = 13.0;
				MARKETING_VERSION = 1.0.0;
				PRODUCT_BUNDLE_IDENTIFIER = com.luohuanyu.ChatGPT;
				PRODUCT_NAME = "$(TARGET_NAME)";
				SDKROOT = auto;
				SUPPORTED_PLATFORMS = "iphoneos iphonesimulator macosx";
				SWIFT_EMIT_LOC_STRINGS = YES;
				SWIFT_VERSION = 5.0;
				TARGETED_DEVICE_FAMILY = "1,2";
			};
			name = Release;
		};
		E4C65ECC29CA9E8000AFA884 /* Debug */ = {
			isa = XCBuildConfiguration;
			buildSettings = {
				ALWAYS_EMBED_SWIFT_STANDARD_LIBRARIES = YES;
				BUNDLE_LOADER = "$(TEST_HOST)";
				CODE_SIGN_STYLE = Automatic;
				CURRENT_PROJECT_VERSION = 1;
				DEVELOPMENT_TEAM = 2WRET6WW2J;
				GENERATE_INFOPLIST_FILE = YES;
				IPHONEOS_DEPLOYMENT_TARGET = 16.0;
				MACOSX_DEPLOYMENT_TARGET = 13.0;
				MARKETING_VERSION = 1.0;
				PRODUCT_BUNDLE_IDENTIFIER = com.luohuanyu.ChatGPTTests;
				PRODUCT_NAME = "$(TARGET_NAME)";
				SDKROOT = auto;
				SUPPORTED_PLATFORMS = "iphoneos iphonesimulator macosx";
				SWIFT_EMIT_LOC_STRINGS = NO;
				SWIFT_VERSION = 5.0;
				TARGETED_DEVICE_FAMILY = "1,2";
				TEST_HOST = "$(BUILT_PRODUCTS_DIR)/ChatGPT.app/$(BUNDLE_EXECUTABLE_FOLDER_PATH)/ChatGPT";
			};
			name = Debug;
		};
		E4C65ECD29CA9E8000AFA884 /* Release */ = {
			isa = XCBuildConfiguration;
			buildSettings = {
				ALWAYS_EMBED_SWIFT_STANDARD_LIBRARIES = YES;
				BUNDLE_LOADER = "$(TEST_HOST)";
				CODE_SIGN_STYLE = Automatic;
				CURRENT_PROJECT_VERSION = 1;
				DEVELOPMENT_TEAM = 2WRET6WW2J;
				GENERATE_INFOPLIST_FILE = YES;
				IPHONEOS_DEPLOYMENT_TARGET = 16.0;
				MACOSX_DEPLOYMENT_TARGET = 13.0;
				MARKETING_VERSION = 1.0;
				PRODUCT_BUNDLE_IDENTIFIER = com.luohuanyu.ChatGPTTests;
				PRODUCT_NAME = "$(TARGET_NAME)";
				SDKROOT = auto;
				SUPPORTED_PLATFORMS = "iphoneos iphonesimulator macosx";
				SWIFT_EMIT_LOC_STRINGS = NO;
				SWIFT_VERSION = 5.0;
				TARGETED_DEVICE_FAMILY = "1,2";
				TEST_HOST = "$(BUILT_PRODUCTS_DIR)/ChatGPT.app/$(BUNDLE_EXECUTABLE_FOLDER_PATH)/ChatGPT";
			};
			name = Release;
		};
		E4C65ECF29CA9E8000AFA884 /* Debug */ = {
			isa = XCBuildConfiguration;
			buildSettings = {
				ALWAYS_EMBED_SWIFT_STANDARD_LIBRARIES = YES;
				CODE_SIGN_STYLE = Automatic;
				CURRENT_PROJECT_VERSION = 1;
				DEVELOPMENT_TEAM = 2WRET6WW2J;
				GENERATE_INFOPLIST_FILE = YES;
				IPHONEOS_DEPLOYMENT_TARGET = 16.0;
				MACOSX_DEPLOYMENT_TARGET = 13.0;
				MARKETING_VERSION = 1.0;
				PRODUCT_BUNDLE_IDENTIFIER = com.luohuanyu.ChatGPTUITests;
				PRODUCT_NAME = "$(TARGET_NAME)";
				SDKROOT = auto;
				SUPPORTED_PLATFORMS = "iphoneos iphonesimulator macosx";
				SWIFT_EMIT_LOC_STRINGS = NO;
				SWIFT_VERSION = 5.0;
				TARGETED_DEVICE_FAMILY = "1,2";
				TEST_TARGET_NAME = ChatGPT;
			};
			name = Debug;
		};
		E4C65ED029CA9E8000AFA884 /* Release */ = {
			isa = XCBuildConfiguration;
			buildSettings = {
				ALWAYS_EMBED_SWIFT_STANDARD_LIBRARIES = YES;
				CODE_SIGN_STYLE = Automatic;
				CURRENT_PROJECT_VERSION = 1;
				DEVELOPMENT_TEAM = 2WRET6WW2J;
				GENERATE_INFOPLIST_FILE = YES;
				IPHONEOS_DEPLOYMENT_TARGET = 16.0;
				MACOSX_DEPLOYMENT_TARGET = 13.0;
				MARKETING_VERSION = 1.0;
				PRODUCT_BUNDLE_IDENTIFIER = com.luohuanyu.ChatGPTUITests;
				PRODUCT_NAME = "$(TARGET_NAME)";
				SDKROOT = auto;
				SUPPORTED_PLATFORMS = "iphoneos iphonesimulator macosx";
				SWIFT_EMIT_LOC_STRINGS = NO;
				SWIFT_VERSION = 5.0;
				TARGETED_DEVICE_FAMILY = "1,2";
				TEST_TARGET_NAME = ChatGPT;
			};
			name = Release;
		};
/* End XCBuildConfiguration section */

/* Begin XCConfigurationList section */
		E4C65E9929CA9E7E00AFA884 /* Build configuration list for PBXProject "ChatGPT" */ = {
			isa = XCConfigurationList;
			buildConfigurations = (
				E4C65EC629CA9E8000AFA884 /* Debug */,
				E4C65EC729CA9E8000AFA884 /* Release */,
			);
			defaultConfigurationIsVisible = 0;
			defaultConfigurationName = Release;
		};
		E4C65EC829CA9E8000AFA884 /* Build configuration list for PBXNativeTarget "ChatGPT" */ = {
			isa = XCConfigurationList;
			buildConfigurations = (
				E4C65EC929CA9E8000AFA884 /* Debug */,
				E4C65ECA29CA9E8000AFA884 /* Release */,
			);
			defaultConfigurationIsVisible = 0;
			defaultConfigurationName = Release;
		};
		E4C65ECB29CA9E8000AFA884 /* Build configuration list for PBXNativeTarget "ChatGPTTests" */ = {
			isa = XCConfigurationList;
			buildConfigurations = (
				E4C65ECC29CA9E8000AFA884 /* Debug */,
				E4C65ECD29CA9E8000AFA884 /* Release */,
			);
			defaultConfigurationIsVisible = 0;
			defaultConfigurationName = Release;
		};
		E4C65ECE29CA9E8000AFA884 /* Build configuration list for PBXNativeTarget "ChatGPTUITests" */ = {
			isa = XCConfigurationList;
			buildConfigurations = (
				E4C65ECF29CA9E8000AFA884 /* Debug */,
				E4C65ED029CA9E8000AFA884 /* Release */,
			);
			defaultConfigurationIsVisible = 0;
			defaultConfigurationName = Release;
		};
/* End XCConfigurationList section */

/* Begin XCRemoteSwiftPackageReference section */
		E4C65F0029CAA01800AFA884 /* XCRemoteSwiftPackageReference "SwiftUI-Introspect" */ = {
			isa = XCRemoteSwiftPackageReference;
			repositoryURL = "https://github.com/siteline/SwiftUI-Introspect.git";
			requirement = {
				kind = upToNextMajorVersion;
				minimumVersion = 0.2.3;
			};
		};
		E4C65F0329CAA02800AFA884 /* XCRemoteSwiftPackageReference "SwiftUIX" */ = {
			isa = XCRemoteSwiftPackageReference;
			repositoryURL = "https://github.com/SwiftUIX/SwiftUIX";
			requirement = {
				kind = upToNextMajorVersion;
				minimumVersion = 0.1.4;
			};
		};
		E4C65F0C29CAA06600AFA884 /* XCRemoteSwiftPackageReference "Splash" */ = {
			isa = XCRemoteSwiftPackageReference;
			repositoryURL = "https://github.com/JohnSundell/Splash";
			requirement = {
				kind = upToNextMajorVersion;
				minimumVersion = 0.9.0;
			};
		};
		E4C65F0F29CAA08400AFA884 /* XCRemoteSwiftPackageReference "swift-markdown-ui" */ = {
			isa = XCRemoteSwiftPackageReference;
			repositoryURL = "https://github.com/gonzalezreal/swift-markdown-ui";
			requirement = {
				kind = upToNextMajorVersion;
				minimumVersion = 2.0.0;
			};
		};
		E4E99BCA29D5D58700C0FCBD /* XCRemoteSwiftPackageReference "SwiftCSV" */ = {
			isa = XCRemoteSwiftPackageReference;
			repositoryURL = "https://github.com/swiftcsv/SwiftCSV.git";
			requirement = {
				kind = upToNextMajorVersion;
				minimumVersion = 0.8.1;
			};
		};
/* End XCRemoteSwiftPackageReference section */

/* Begin XCSwiftPackageProductDependency section */
		E4C65F0129CAA01800AFA884 /* Introspect */ = {
			isa = XCSwiftPackageProductDependency;
			package = E4C65F0029CAA01800AFA884 /* XCRemoteSwiftPackageReference "SwiftUI-Introspect" */;
			productName = Introspect;
		};
		E4C65F0429CAA02800AFA884 /* SwiftUIX */ = {
			isa = XCSwiftPackageProductDependency;
			package = E4C65F0329CAA02800AFA884 /* XCRemoteSwiftPackageReference "SwiftUIX" */;
			productName = SwiftUIX;
		};
		E4C65F0D29CAA06600AFA884 /* Splash */ = {
			isa = XCSwiftPackageProductDependency;
			package = E4C65F0C29CAA06600AFA884 /* XCRemoteSwiftPackageReference "Splash" */;
			productName = Splash;
		};
		E4C65F1029CAA08400AFA884 /* MarkdownUI */ = {
			isa = XCSwiftPackageProductDependency;
			package = E4C65F0F29CAA08400AFA884 /* XCRemoteSwiftPackageReference "swift-markdown-ui" */;
			productName = MarkdownUI;
		};
		E4E99BCB29D5D58700C0FCBD /* SwiftCSV */ = {
			isa = XCSwiftPackageProductDependency;
			package = E4E99BCA29D5D58700C0FCBD /* XCRemoteSwiftPackageReference "SwiftCSV" */;
			productName = SwiftCSV;
		};
/* End XCSwiftPackageProductDependency section */

/* Begin XCVersionGroup section */
		E4C65EA529CA9E7E00AFA884 /* ChatGPT.xcdatamodeld */ = {
			isa = XCVersionGroup;
			children = (
				E4C65EA629CA9E7E00AFA884 /* ChatGPT.xcdatamodel */,
			);
			currentVersion = E4C65EA629CA9E7E00AFA884 /* ChatGPT.xcdatamodel */;
			path = ChatGPT.xcdatamodeld;
			sourceTree = "<group>";
			versionGroupType = wrapper.xcdatamodel;
		};
/* End XCVersionGroup section */
	};
	rootObject = E4C65E9629CA9E7E00AFA884 /* Project object */;
}
